# Exact runtime and offline-test dependencies.
#   pip install -r requirements.lock
#   pip install -e . --no-deps

# runtime
PyYAML==6.0.3

# dev / CI
pytest==9.1.1

# indirect
iniconfig==2.3.0            # <- pytest
packaging==26.3             # <- pytest
pluggy==1.6.0               # <- pytest
Pygments==2.21.0            # <- pytest
